
Microsoft Visual Studio Solution File, Format Version 12.00
# Visual Studio 15
VisualStudioVersion = 15.0.28010.2003
MinimumVisualStudioVersion = 10.0.40219.1
Project("{FAE04EC0-301F-11D3-BF4B-00C04F79EFBC}") = "ContactServiceSolution.API", "ContactServiceSolution.API\ContactServiceSolution.API.csproj", "{6B425C61-F84E-4D3B-BF36-251A8B543562}"
EndProject
Project("{FAE04EC0-301F-11D3-BF4B-00C04F79EFBC}") = "ContactServiceSolution.Data", "ContactServiceSolution.Data\ContactServiceSolution.Data.csproj", "{BBAD3134-6BFD-47FE-9F34-B5FC027C0AE5}"
EndProject
Project("{FAE04EC0-301F-11D3-BF4B-00C04F79EFBC}") = "ContactServiceSolution.Service", "ContactServiceSolution.Service\ContactServiceSolution.Service.csproj", "{C08B07EA-007A-4D26-B22E-AF8FA64B2F66}"
EndProject
Project("{FAE04EC0-301F-11D3-BF4B-00C04F79EFBC}") = "ContactServiceSolution.Test", "ContactServiceSolution.Test\ContactServiceSolution.Test.csproj", "{E88DA826-3663-4AA9-85B9-BED9F14B458B}"
EndProject
Global
	GlobalSection(SolutionConfigurationPlatforms) = preSolution
		Debug|Any CPU = Debug|Any CPU
		Release|Any CPU = Release|Any CPU
	EndGlobalSection
	GlobalSection(ProjectConfigurationPlatforms) = postSolution
		{6B425C61-F84E-4D3B-BF36-251A8B543562}.Debug|Any CPU.ActiveCfg = Debug|Any CPU
		{6B425C61-F84E-4D3B-BF36-251A8B543562}.Debug|Any CPU.Build.0 = Debug|Any CPU
		{6B425C61-F84E-4D3B-BF36-251A8B543562}.Release|Any CPU.ActiveCfg = Release|Any CPU
		{6B425C61-F84E-4D3B-BF36-251A8B543562}.Release|Any CPU.Build.0 = Release|Any CPU
		{BBAD3134-6BFD-47FE-9F34-B5FC027C0AE5}.Debug|Any CPU.ActiveCfg = Debug|Any CPU
		{BBAD3134-6BFD-47FE-9F34-B5FC027C0AE5}.Debug|Any CPU.Build.0 = Debug|Any CPU
		{BBAD3134-6BFD-47FE-9F34-B5FC027C0AE5}.Release|Any CPU.ActiveCfg = Release|Any CPU
		{BBAD3134-6BFD-47FE-9F34-B5FC027C0AE5}.Release|Any CPU.Build.0 = Release|Any CPU
		{C08B07EA-007A-4D26-B22E-AF8FA64B2F66}.Debug|Any CPU.ActiveCfg = Debug|Any CPU
		{C08B07EA-007A-4D26-B22E-AF8FA64B2F66}.Debug|Any CPU.Build.0 = Debug|Any CPU
		{C08B07EA-007A-4D26-B22E-AF8FA64B2F66}.Release|Any CPU.ActiveCfg = Release|Any CPU
		{C08B07EA-007A-4D26-B22E-AF8FA64B2F66}.Release|Any CPU.Build.0 = Release|Any CPU
		{E88DA826-3663-4AA9-85B9-BED9F14B458B}.Debug|Any CPU.ActiveCfg = Debug|Any CPU
		{E88DA826-3663-4AA9-85B9-BED9F14B458B}.Debug|Any CPU.Build.0 = Debug|Any CPU
		{E88DA826-3663-4AA9-85B9-BED9F14B458B}.Release|Any CPU.ActiveCfg = Release|Any CPU
		{E88DA826-3663-4AA9-85B9-BED9F14B458B}.Release|Any CPU.Build.0 = Release|Any CPU
	EndGlobalSection
	GlobalSection(SolutionProperties) = preSolution
		HideSolutionNode = FALSE
	EndGlobalSection
	GlobalSection(ExtensibilityGlobals) = postSolution
		SolutionGuid = {5D3D1848-AB65-4B0D-A0AA-453B7DF88C6E}
	EndGlobalSection
EndGlobal
